// !$*UTF8*$!
{
	archiveVersion = 1;
	classes = {
	};
	objectVersion = 46;
	objects = {

/* Begin PBXBuildFile section */
		429032D51DBC03E30022DFEA /* SupportCode.swift in Sources */ = {isa = PBXBuildFile; fileRef = 429032D41DBC03E30022DFEA /* SupportCode.swift */; };
		42A2B1951DBA63790066CB16 /* main.swift in Sources */ = {isa = PBXBuildFile; fileRef = 42A2B1941DBA63790066CB16 /* main.swift */; };
/* End PBXBuildFile section */

/* Begin PBXCopyFilesBuildPhase section */
		42A2B18F1DBA63790066CB16 /* CopyFiles */ = {
			isa = PBXCopyFilesBuildPhase;
			buildActionMask = 2147483647;
			dstPath = /usr/share/man/man1/;
			dstSubfolderSpec = 0;
			files = (
			);
			runOnlyForDeploymentPostprocessing = 1;
		};
/* End PBXCopyFilesBuildPhase section */

/* Begin PBXFileReference section */
		429032D41DBC03E30022DFEA /* SupportCode.swift */ = {isa = PBXFileReference; fileEncoding = 4; lastKnownFileType = sourcecode.swift; path = SupportCode.swift; sourceTree = "<group>"; };
		42A2B1911DBA63790066CB16 /* Revolutionary Hello World */ = {isa = PBXFileReference; explicitFileType = "compiled.mach-o.executable"; includeInIndex = 0; path = "Revolutionary Hello World"; sourceTree = BUILT_PRODUCTS_DIR; };
		42A2B1941DBA63790066CB16 /* main.swift */ = {isa = PBXFileReference; lastKnownFileType = sourcecode.swift; path = main.swift; sourceTree = "<group>"; };
/* End PBXFileReference section */

/* Begin PBXFrameworksBuildPhase section */
		42A2B18E1DBA63790066CB16 /* Frameworks */ = {
			isa = PBXFrameworksBuildPhase;
			buildActionMask = 2147483647;
			files = (
			);
			runOnlyForDeploymentPostprocessing = 0;
		};
/* End PBXFrameworksBuildPhase section */

/* Begin PBXGroup section */
		42A2B1881DBA63790066CB16 = {
			isa = PBXGroup;
			children = (
				42A2B1931DBA63790066CB16 /* Revolutionary Hello World */,
				42A2B1921DBA63790066CB16 /* Products */,
			);
			sourceTree = "<group>";
		};
		42A2B1921DBA63790066CB16 /* Products */ = {
			isa = PBXGroup;
			children = (
				42A2B1911DBA63790066CB16 /* Revolutionary Hello World */,
			);
			name = Products;
			sourceTree = "<group>";
		};
		42A2B1931DBA63790066CB16 /* Revolutionary Hello World */ = {
			isa = PBXGroup;
			children = (
				42A2B1941DBA63790066CB16 /* main.swift */,
				429032D41DBC03E30022DFEA /* SupportCode.swift */,
			);
			path = "Revolutionary Hello World";
			sourceTree = "<group>";
		};
/* End PBXGroup section */

/* Begin PBXNativeTarget section */
		42A2B1901DBA63790066CB16 /* Revolutionary Hello World */ = {
			isa = PBXNativeTarget;
			buildConfigurationList = 42A2B1981DBA63790066CB16 /* Build configuration list for PBXNativeTarget "Revolutionary Hello World" */;
			buildPhases = (
				42A2B18D1DBA63790066CB16 /* Sources */,
				42A2B18E1DBA63790066CB16 /* Frameworks */,
				42A2B18F1DBA63790066CB16 /* CopyFiles */,
			);
			buildRules = (
			);
			dependencies = (
			);
			name = "Revolutionary Hello World";
			productName = "Revolutionary Hello World";
			productReference = 42A2B1911DBA63790066CB16 /* Revolutionary Hello World */;
			productType = "com.apple.product-type.tool";
		};
/* End PBXNativeTarget section */

/* Begin PBXProject section */
		42A2B1891DBA63790066CB16 /* Project object */ = {
			isa = PBXProject;
			attributes = {
				LastSwiftUpdateCheck = 0800;
				LastUpgradeCheck = 0800;
				ORGANIZATIONNAME = "Shiyu Du";
				TargetAttributes = {
					42A2B1901DBA63790066CB16 = {
						CreatedOnToolsVersion = 8.0;
						DevelopmentTeam = 56DQ66XR34;
						ProvisioningStyle = Automatic;
					};
				};
			};
			buildConfigurationList = 42A2B18C1DBA63790066CB16 /* Build configuration list for PBXProject "Revolutionary Hello World" */;
			compatibilityVersion = "Xcode 3.2";
			developmentRegion = English;
			hasScannedForEncodings = 0;
			knownRegions = (
				en,
			);
			mainGroup = 42A2B1881DBA63790066CB16;
			productRefGroup = 42A2B1921DBA63790066CB16 /* Products */;
			projectDirPath = "";
			projectRoot = "";
			targets = (
				42A2B1901DBA63790066CB16 /* Revolutionary Hello World */,
			);
		};
/* End PBXProject section */

/* Begin PBXSourcesBuildPhase section */
		42A2B18D1DBA63790066CB16 /* Sources */ = {
			isa = PBXSourcesBuildPhase;
			buildActionMask = 2147483647;
			files = (
				429032D51DBC03E30022DFEA /* SupportCode.swift in Sources */,
				42A2B1951DBA63790066CB16 /* main.swift in Sources */,
			);
			runOnlyForDeploymentPostprocessing = 0;
		};
/* End PBXSourcesBuildPhase section */

/* Begin XCBuildConfiguration section */
		42A2B1961DBA63790066CB16 /* Debug */ = {
			isa = XCBuildConfiguration;
			buildSettings = {
				ALWAYS_SEARCH_USER_PATHS = NO;
				CLANG_ANALYZER_NONNULL = YES;
				CLANG_CXX_LANGUAGE_STANDARD = "gnu++0x";
				CLANG_CXX_LIBRARY = "libc++";
				CLANG_ENABLE_MODULES = YES;
				CLANG_ENABLE_OBJC_ARC = YES;
				CLANG_WARN_BOOL_CONVERSION = YES;
				CLANG_WARN_CONSTANT_CONVERSION = YES;
				CLANG_WARN_DIRECT_OBJC_ISA_USAGE = YES_ERROR;
				CLANG_WARN_DOCUMENTATION_COMMENTS = YES;
				CLANG_WARN_EMPTY_BODY = YES;
				CLANG_WARN_ENUM_CONVERSION = YES;
				CLANG_WARN_INFINITE_RECURSION = YES;
				CLANG_WARN_INT_CONVERSION = YES;
				CLANG_WARN_OBJC_ROOT_CLASS = YES_ERROR;
				CLANG_WARN_SUSPICIOUS_MOVES = YES;
				CLANG_WARN_UNREACHABLE_CODE = YES;
				CLANG_WARN__DUPLICATE_METHOD_MATCH = YES;
				CODE_SIGN_IDENTITY = "-";
				COPY_PHASE_STRIP = NO;
				DEBUG_INFORMATION_FORMAT = dwarf;
				ENABLE_STRICT_OBJC_MSGSEND = YES;
				ENABLE_TESTABILITY = YES;
				GCC_C_LANGUAGE_STANDARD = gnu99;
				GCC_DYNAMIC_NO_PIC = NO;
				GCC_NO_COMMON_BLOCKS = YES;
				GCC_OPTIMIZATION_LEVEL = 0;
				GCC_PREPROCESSOR_DEFINITIONS = (
					"DEBUG=1",
					"$(inherited)",
				);
				GCC_WARN_64_TO_32_BIT_CONVERSION = YES;
				GCC_WARN_ABOUT_RETURN_TYPE = YES_ERROR;
				GCC_WARN_UNDECLARED_SELECTOR = YES;
				GCC_WARN_UNINITIALIZED_AUTOS = YES_AGGRESSIVE;
				GCC_WARN_UNUSED_FUNCTION = YES;
				GCC_WARN_UNUSED_VARIABLE = YES;
				MACOSX_DEPLOYMENT_TARGET = 10.12;
				MTL_ENABLE_DEBUG_INFO = YES;
				ONLY_ACTIVE_ARCH = YES;
				SDKROOT = macosx;
				SWIFT_OPTIMIZATION_LEVEL = "-Onone";
			};
			name = Debug;
		};
		42A2B1971DBA63790066CB16 /* Release */ = {
			isa = XCBuildConfiguration;
			buildSettings = {
				ALWAYS_SEARCH_USER_PATHS = NO;
				CLANG_ANALYZER_NONNULL = YES;
				CLANG_CXX_LANGUAGE_STANDARD = "gnu++0x";
				CLANG_CXX_LIBRARY = "libc++";
				CLANG_ENABLE_MODULES = YES;
				CLANG_ENABLE_OBJC_ARC = YES;
				CLANG_WARN_BOOL_CONVERSION = YES;
				CLANG_WARN_CONSTANT_CONVERSION = YES;
				CLANG_WARN_DIRECT_OBJC_ISA_USAGE = YES_ERROR;
				CLANG_WARN_DOCUMENTATION_COMMENTS = YES;
				CLANG_WARN_EMPTY_BODY = YES;
				CLANG_WARN_ENUM_CONVERSION = YES;
				CLANG_WARN_INFINITE_RECURSION = YES;
				CLANG_WARN_INT_CONVERSION = YES;
				CLANG_WARN_OBJC_ROOT_CLASS = YES_ERROR;
				CLANG_WARN_SUSPICIOUS_MOVES = YES;
				CLANG_WARN_UNREACHABLE_CODE = YES;
				CLANG_WARN__DUPLICATE_METHOD_MATCH = YES;
				CODE_SIGN_IDENTITY = "-";
				COPY_PHASE_STRIP = NO;
				DEBUG_INFORMATION_FORMAT = "dwarf-with-dsym";
				ENABLE_NS_ASSERTIONS = NO;
				ENABLE_STRICT_OBJC_MSGSEND = YES;
				GCC_C_LANGUAGE_STANDARD = gnu99;
				GCC_NO_COMMON_BLOCKS = YES;
				GCC_WARN_64_TO_32_BIT_CONVERSION = YES;
				GCC_WARN_ABOUT_RETURN_TYPE = YES_ERROR;
				GCC_WARN_UNDECLARED_SELECTOR = YES;
				GCC_WARN_UNINITIALIZED_AUTOS = YES_AGGRESSIVE;
				GCC_WARN_UNUSED_FUNCTION = YES;
				GCC_WARN_UNUSED_VARIABLE = YES;
				MACOSX_DEPLOYMENT_TARGET = 10.12;
				MTL_ENABLE_DEBUG_INFO = NO;
				SDKROOT = macosx;
			};
			name = Release;
		};
		42A2B1991DBA63790066CB16 /* Debug */ = {
			isa = XCBuildConfiguration;
			buildSettings = {
				DEVELOPMENT_TEAM = 56DQ66XR34;
				PRODUCT_NAME = "$(TARGET_NAME)";
				SWIFT_VERSION = 3.0;
			};
			name = Debug;
		};
		42A2B19A1DBA63790066CB16 /* Release */ = {
			isa = XCBuildConfiguration;
			buildSettings = {
				DEVELOPMENT_TEAM = 56DQ66XR34;
				PRODUCT_NAME = "$(TARGET_NAME)";
				SWIFT_VERSION = 3.0;
			};
			name = Release;
		};
/* End XCBuildConfiguration section */

/* Begin XCConfigurationList section */
		42A2B18C1DBA63790066CB16 /* Build configuration list for PBXProject "Revolutionary Hello World" */ = {
			isa = XCConfigurationList;
			buildConfigurations = (
				42A2B1961DBA63790066CB16 /* Debug */,
				42A2B1971DBA63790066CB16 /* Release */,
			);
			defaultConfigurationIsVisible = 0;
			defaultConfigurationName = Release;
		};
		42A2B1981DBA63790066CB16 /* Build configuration list for PBXNativeTarget "Revolutionary Hello World" */ = {
			isa = XCConfigurationList;
			buildConfigurations = (
				42A2B1991DBA63790066CB16 /* Debug */,
				42A2B19A1DBA63790066CB16 /* Release */,
			);
			defaultConfigurationIsVisible = 0;
			defaultConfigurationName = Release;
		};
/* End XCConfigurationList section */
	};
	rootObject = 42A2B1891DBA63790066CB16 /* Project object */;
}
